
Microsoft Visual Studio Solution File, Format Version 12.00
# Visual Studio Version 16
VisualStudioVersion = 16.0.30804.86
MinimumVisualStudioVersion = 10.0.40219.1
Project("{9A19103F-16F7-4668-BE54-9A1E7A4F7556}") = "DividedString", "DividedString\DividedString.csproj", "{7090C103-AC59-46AE-8003-DFF153C7B034}"
EndProject
Project("{9A19103F-16F7-4668-BE54-9A1E7A4F7556}") = "IsThereInput", "IsThereInput\IsThereInput.csproj", "{0E8EB69F-FBF8-4CD5-9D70-FEA4E1998D70}"
EndProject
Project("{9A19103F-16F7-4668-BE54-9A1E7A4F7556}") = "ReverseString", "ReverseString\ReverseString.csproj", "{F3816774-5BF7-4D4D-A220-55BDDC66518A}"
EndProject
Project("{9A19103F-16F7-4668-BE54-9A1E7A4F7556}") = "StringFinder", "StringFinder\StringFinder.csproj", "{F4236B18-903D-4AE2-98CC-445E82E5CB97}"
EndProject
Project("{9A19103F-16F7-4668-BE54-9A1E7A4F7556}") = "StringTable", "StringTable\StringTable.csproj", "{CAD958AF-03E5-4A32-9466-5EE1F75FEE69}"
EndProject
Project("{9A19103F-16F7-4668-BE54-9A1E7A4F7556}") = "LoginLoops", "LoginLoops\LoginLoops.csproj", "{876C2220-E486-46A3-B675-55E3B7A6E1A5}"
EndProject
Project("{9A19103F-16F7-4668-BE54-9A1E7A4F7556}") = "BasicVectoring", "BasicVectoring\BasicVectoring.csproj", "{5345B1BB-88DA-4607-97B7-FD30F1A2B66F}"
EndProject
Project("{9A19103F-16F7-4668-BE54-9A1E7A4F7556}") = "BasicMatricing", "BasicMatricing\BasicMatricing.csproj", "{3AADF5D2-EFAE-4848-8526-791E263C6544}"
EndProject
Project("{9A19103F-16F7-4668-BE54-9A1E7A4F7556}") = "ArrayElementSummer", "ArrayElementSummer\ArrayElementSummer.csproj", "{F4E01EFD-D19B-4C9A-87DD-374AA9615E3D}"
EndProject
Project("{9A19103F-16F7-4668-BE54-9A1E7A4F7556}") = "IsSubSequence", "IsSubSequence\IsSubSequence.csproj", "{1369A319-2D30-4FBF-A8DC-22B8114E6EA1}"
EndProject
Project("{FAE04EC0-301F-11D3-BF4B-00C04F79EFBC}") = "BasicFindPairs", "BasicFindPairs\BasicFindPairs.csproj", "{7FDC8C29-EB7A-481E-B7EE-9BB9E9558394}"
EndProject
Global
	GlobalSection(SolutionConfigurationPlatforms) = preSolution
		Debug|Any CPU = Debug|Any CPU
		Release|Any CPU = Release|Any CPU
	EndGlobalSection
	GlobalSection(ProjectConfigurationPlatforms) = postSolution
		{7090C103-AC59-46AE-8003-DFF153C7B034}.Debug|Any CPU.ActiveCfg = Debug|Any CPU
		{7090C103-AC59-46AE-8003-DFF153C7B034}.Debug|Any CPU.Build.0 = Debug|Any CPU
		{7090C103-AC59-46AE-8003-DFF153C7B034}.Release|Any CPU.ActiveCfg = Release|Any CPU
		{7090C103-AC59-46AE-8003-DFF153C7B034}.Release|Any CPU.Build.0 = Release|Any CPU
		{0E8EB69F-FBF8-4CD5-9D70-FEA4E1998D70}.Debug|Any CPU.ActiveCfg = Debug|Any CPU
		{0E8EB69F-FBF8-4CD5-9D70-FEA4E1998D70}.Debug|Any CPU.Build.0 = Debug|Any CPU
		{0E8EB69F-FBF8-4CD5-9D70-FEA4E1998D70}.Release|Any CPU.ActiveCfg = Release|Any CPU
		{0E8EB69F-FBF8-4CD5-9D70-FEA4E1998D70}.Release|Any CPU.Build.0 = Release|Any CPU
		{F3816774-5BF7-4D4D-A220-55BDDC66518A}.Debug|Any CPU.ActiveCfg = Debug|Any CPU
		{F3816774-5BF7-4D4D-A220-55BDDC66518A}.Debug|Any CPU.Build.0 = Debug|Any CPU
		{F3816774-5BF7-4D4D-A220-55BDDC66518A}.Release|Any CPU.ActiveCfg = Release|Any CPU
		{F3816774-5BF7-4D4D-A220-55BDDC66518A}.Release|Any CPU.Build.0 = Release|Any CPU
		{F4236B18-903D-4AE2-98CC-445E82E5CB97}.Debug|Any CPU.ActiveCfg = Debug|Any CPU
		{F4236B18-903D-4AE2-98CC-445E82E5CB97}.Debug|Any CPU.Build.0 = Debug|Any CPU
		{F4236B18-903D-4AE2-98CC-445E82E5CB97}.Release|Any CPU.ActiveCfg = Release|Any CPU
		{F4236B18-903D-4AE2-98CC-445E82E5CB97}.Release|Any CPU.Build.0 = Release|Any CPU
		{CAD958AF-03E5-4A32-9466-5EE1F75FEE69}.Debug|Any CPU.ActiveCfg = Debug|Any CPU
		{CAD958AF-03E5-4A32-9466-5EE1F75FEE69}.Debug|Any CPU.Build.0 = Debug|Any CPU
		{CAD958AF-03E5-4A32-9466-5EE1F75FEE69}.Release|Any CPU.ActiveCfg = Release|Any CPU
		{CAD958AF-03E5-4A32-9466-5EE1F75FEE69}.Release|Any CPU.Build.0 = Release|Any CPU
		{876C2220-E486-46A3-B675-55E3B7A6E1A5}.Debug|Any CPU.ActiveCfg = Debug|Any CPU
		{876C2220-E486-46A3-B675-55E3B7A6E1A5}.Debug|Any CPU.Build.0 = Debug|Any CPU
		{876C2220-E486-46A3-B675-55E3B7A6E1A5}.Release|Any CPU.ActiveCfg = Release|Any CPU
		{876C2220-E486-46A3-B675-55E3B7A6E1A5}.Release|Any CPU.Build.0 = Release|Any CPU
		{5345B1BB-88DA-4607-97B7-FD30F1A2B66F}.Debug|Any CPU.ActiveCfg = Debug|Any CPU
		{5345B1BB-88DA-4607-97B7-FD30F1A2B66F}.Debug|Any CPU.Build.0 = Debug|Any CPU
		{5345B1BB-88DA-4607-97B7-FD30F1A2B66F}.Release|Any CPU.ActiveCfg = Release|Any CPU
		{5345B1BB-88DA-4607-97B7-FD30F1A2B66F}.Release|Any CPU.Build.0 = Release|Any CPU
		{3AADF5D2-EFAE-4848-8526-791E263C6544}.Debug|Any CPU.ActiveCfg = Debug|Any CPU
		{3AADF5D2-EFAE-4848-8526-791E263C6544}.Debug|Any CPU.Build.0 = Debug|Any CPU
		{3AADF5D2-EFAE-4848-8526-791E263C6544}.Release|Any CPU.ActiveCfg = Release|Any CPU
		{3AADF5D2-EFAE-4848-8526-791E263C6544}.Release|Any CPU.Build.0 = Release|Any CPU
		{F4E01EFD-D19B-4C9A-87DD-374AA9615E3D}.Debug|Any CPU.ActiveCfg = Debug|Any CPU
		{F4E01EFD-D19B-4C9A-87DD-374AA9615E3D}.Debug|Any CPU.Build.0 = Debug|Any CPU
		{F4E01EFD-D19B-4C9A-87DD-374AA9615E3D}.Release|Any CPU.ActiveCfg = Release|Any CPU
		{F4E01EFD-D19B-4C9A-87DD-374AA9615E3D}.Release|Any CPU.Build.0 = Release|Any CPU
		{1369A319-2D30-4FBF-A8DC-22B8114E6EA1}.Debug|Any CPU.ActiveCfg = Debug|Any CPU
		{1369A319-2D30-4FBF-A8DC-22B8114E6EA1}.Debug|Any CPU.Build.0 = Debug|Any CPU
		{1369A319-2D30-4FBF-A8DC-22B8114E6EA1}.Release|Any CPU.ActiveCfg = Release|Any CPU
		{1369A319-2D30-4FBF-A8DC-22B8114E6EA1}.Release|Any CPU.Build.0 = Release|Any CPU
		{7FDC8C29-EB7A-481E-B7EE-9BB9E9558394}.Debug|Any CPU.ActiveCfg = Debug|Any CPU
		{7FDC8C29-EB7A-481E-B7EE-9BB9E9558394}.Debug|Any CPU.Build.0 = Debug|Any CPU
		{7FDC8C29-EB7A-481E-B7EE-9BB9E9558394}.Release|Any CPU.ActiveCfg = Release|Any CPU
		{7FDC8C29-EB7A-481E-B7EE-9BB9E9558394}.Release|Any CPU.Build.0 = Release|Any CPU
	EndGlobalSection
	GlobalSection(SolutionProperties) = preSolution
		HideSolutionNode = FALSE
	EndGlobalSection
	GlobalSection(ExtensibilityGlobals) = postSolution
		SolutionGuid = {78808105-FC08-4D2B-8EC4-ACFBF0F67788}
	EndGlobalSection
EndGlobal
